
Microsoft Visual Studio Solution File, Format Version 12.00
# Visual Studio 2012
Project("{FAE04EC0-301F-11D3-BF4B-00C04F79EFBC}") = "ProBrainRound2Catenyms", "ProBrainRound2Catenyms\ProBrainRound2Catenyms.csproj", "{B0AE8ABC-44BF-4DA4-8494-22D06462E92F}"
EndProject
Global
	GlobalSection(SolutionConfigurationPlatforms) = preSolution
		Debug|Any CPU = Debug|Any CPU
		Release|Any CPU = Release|Any CPU
	EndGlobalSection
	GlobalSection(ProjectConfigurationPlatforms) = postSolution
		{B0AE8ABC-44BF-4DA4-8494-22D06462E92F}.Debug|Any CPU.ActiveCfg = Debug|Any CPU
		{B0AE8ABC-44BF-4DA4-8494-22D06462E92F}.Debug|Any CPU.Build.0 = Debug|Any CPU
		{B0AE8ABC-44BF-4DA4-8494-22D06462E92F}.Release|Any CPU.ActiveCfg = Release|Any CPU
		{B0AE8ABC-44BF-4DA4-8494-22D06462E92F}.Release|Any CPU.Build.0 = Release|Any CPU
	EndGlobalSection
	GlobalSection(SolutionProperties) = preSolution
		HideSolutionNode = FALSE
	EndGlobalSection
EndGlobal
