
Microsoft Visual Studio Solution File, Format Version 12.00
# Visual Studio 2012
Project("{FAE04EC0-301F-11D3-BF4B-00C04F79EFBC}") = "JimProblem", "JimProblem\JimProblem.csproj", "{F14FD6D5-7127-4C83-B87D-D6710FD0D87D}"
EndProject
Global
	GlobalSection(SolutionConfigurationPlatforms) = preSolution
		Debug|Any CPU = Debug|Any CPU
		Release|Any CPU = Release|Any CPU
	EndGlobalSection
	GlobalSection(ProjectConfigurationPlatforms) = postSolution
		{F14FD6D5-7127-4C83-B87D-D6710FD0D87D}.Debug|Any CPU.ActiveCfg = Debug|Any CPU
		{F14FD6D5-7127-4C83-B87D-D6710FD0D87D}.Debug|Any CPU.Build.0 = Debug|Any CPU
		{F14FD6D5-7127-4C83-B87D-D6710FD0D87D}.Release|Any CPU.ActiveCfg = Release|Any CPU
		{F14FD6D5-7127-4C83-B87D-D6710FD0D87D}.Release|Any CPU.Build.0 = Release|Any CPU
	EndGlobalSection
	GlobalSection(SolutionProperties) = preSolution
		HideSolutionNode = FALSE
	EndGlobalSection
EndGlobal
